
Microsoft Visual Studio Solution File, Format Version 12.00
# Visual Studio 2015
Project("{FAE04EC0-301F-11D3-BF4B-00C04F79EFBC}") = "Prototype3.Plugins", "Prototype3.Plugins.csproj", "{DF15485A-A586-69D8-A352-062CE7D554C1}"
EndProject
Project("{FAE04EC0-301F-11D3-BF4B-00C04F79EFBC}") = "Prototype3", "Prototype3.csproj", "{ACB74270-BD9C-88EB-0844-7B22552C3AFB}"
EndProject
Project("{FAE04EC0-301F-11D3-BF4B-00C04F79EFBC}") = "Prototype3.Editor.Plugins", "Prototype3.Editor.Plugins.csproj", "{117517F0-65EF-C5F4-BBC4-B7E1DE179693}"
EndProject
Global
	GlobalSection(SolutionConfigurationPlatforms) = preSolution
		Debug|Any CPU = Debug|Any CPU
		Release|Any CPU = Release|Any CPU
	EndGlobalSection
	GlobalSection(ProjectConfigurationPlatforms) = postSolution
		{DF15485A-A586-69D8-A352-062CE7D554C1}.Debug|Any CPU.ActiveCfg = Debug|Any CPU
		{DF15485A-A586-69D8-A352-062CE7D554C1}.Debug|Any CPU.Build.0 = Debug|Any CPU
		{DF15485A-A586-69D8-A352-062CE7D554C1}.Release|Any CPU.ActiveCfg = Release|Any CPU
		{DF15485A-A586-69D8-A352-062CE7D554C1}.Release|Any CPU.Build.0 = Release|Any CPU
		{ACB74270-BD9C-88EB-0844-7B22552C3AFB}.Debug|Any CPU.ActiveCfg = Debug|Any CPU
		{ACB74270-BD9C-88EB-0844-7B22552C3AFB}.Debug|Any CPU.Build.0 = Debug|Any CPU
		{ACB74270-BD9C-88EB-0844-7B22552C3AFB}.Release|Any CPU.ActiveCfg = Release|Any CPU
		{ACB74270-BD9C-88EB-0844-7B22552C3AFB}.Release|Any CPU.Build.0 = Release|Any CPU
		{117517F0-65EF-C5F4-BBC4-B7E1DE179693}.Debug|Any CPU.ActiveCfg = Debug|Any CPU
		{117517F0-65EF-C5F4-BBC4-B7E1DE179693}.Debug|Any CPU.Build.0 = Debug|Any CPU
		{117517F0-65EF-C5F4-BBC4-B7E1DE179693}.Release|Any CPU.ActiveCfg = Release|Any CPU
		{117517F0-65EF-C5F4-BBC4-B7E1DE179693}.Release|Any CPU.Build.0 = Release|Any CPU
	EndGlobalSection
	GlobalSection(SolutionProperties) = preSolution
		HideSolutionNode = FALSE
	EndGlobalSection
EndGlobal
